
Microsoft Visual Studio Solution File, Format Version 12.00
# Visual Studio Version 16
VisualStudioVersion = 16.0.31911.196
MinimumVisualStudioVersion = 10.0.40219.1
Project("{FAE04EC0-301F-11D3-BF4B-00C04F79EFBC}") = "CityInfo.API", "CityInfo.API\CityInfo.API.csproj", "{C28D73F2-DF4A-40D7-A9E6-47D6B69A4D23}"
EndProject
Global
	GlobalSection(SolutionConfigurationPlatforms) = preSolution
		Debug|Any CPU = Debug|Any CPU
		Release|Any CPU = Release|Any CPU
	EndGlobalSection
	GlobalSection(ProjectConfigurationPlatforms) = postSolution
		{C28D73F2-DF4A-40D7-A9E6-47D6B69A4D23}.Debug|Any CPU.ActiveCfg = Debug|Any CPU
		{C28D73F2-DF4A-40D7-A9E6-47D6B69A4D23}.Debug|Any CPU.Build.0 = Debug|Any CPU
		{C28D73F2-DF4A-40D7-A9E6-47D6B69A4D23}.Release|Any CPU.ActiveCfg = Release|Any CPU
		{C28D73F2-DF4A-40D7-A9E6-47D6B69A4D23}.Release|Any CPU.Build.0 = Release|Any CPU
	EndGlobalSection
	GlobalSection(SolutionProperties) = preSolution
		HideSolutionNode = FALSE
	EndGlobalSection
	GlobalSection(ExtensibilityGlobals) = postSolution
		SolutionGuid = {16BCB856-2FAE-4C20-B9A8-468801A4862B}
	EndGlobalSection
EndGlobal
